{
  "lockfileVersion": 1,
  "workspaces": {
    "": {
      "dependencies": {
        "zenn-cli": "^0.1.161",
      },
    },
  },
  "packages": {
    "zenn-cli": ["zenn-cli@0.1.161", "", { "bin": { "zenn": "dist/server/zenn.js" } }, "sha512-PVdw0zj2GwtAaYbrvN/a5C2IHIzRhAu24AYkw16r344O8FYt/29v0pnGNQFKVfZdSZlgcl5HnH7jQWmlOVdXPw=="],
  }
}
